
Microsoft Visual Studio Solution File, Format Version 12.00
# Visual Studio Version 16
VisualStudioVersion = 16.0.29920.165
MinimumVisualStudioVersion = 10.0.40219.1
Project("{FAE04EC0-301F-11D3-BF4B-00C04F79EFBC}") = "Agenda", "Agenda\Agenda.csproj", "{37C534A9-05AC-4948-9D98-0C3E0AE02576}"
EndProject
Global
	GlobalSection(SolutionConfigurationPlatforms) = preSolution
		Debug|Any CPU = Debug|Any CPU
		Release|Any CPU = Release|Any CPU
	EndGlobalSection
	GlobalSection(ProjectConfigurationPlatforms) = postSolution
		{37C534A9-05AC-4948-9D98-0C3E0AE02576}.Debug|Any CPU.ActiveCfg = Debug|Any CPU
		{37C534A9-05AC-4948-9D98-0C3E0AE02576}.Debug|Any CPU.Build.0 = Debug|Any CPU
		{37C534A9-05AC-4948-9D98-0C3E0AE02576}.Release|Any CPU.ActiveCfg = Release|Any CPU
		{37C534A9-05AC-4948-9D98-0C3E0AE02576}.Release|Any CPU.Build.0 = Release|Any CPU
	EndGlobalSection
	GlobalSection(SolutionProperties) = preSolution
		HideSolutionNode = FALSE
	EndGlobalSection
	GlobalSection(ExtensibilityGlobals) = postSolution
		SolutionGuid = {ECF15DB6-9A58-499B-8F48-68BF3B4C3154}
	EndGlobalSection
EndGlobal
